
Microsoft Visual Studio Solution File, Format Version 12.00
# Visual Studio 2013
VisualStudioVersion = 12.0.30723.0
MinimumVisualStudioVersion = 10.0.40219.1
Project("{FAE04EC0-301F-11D3-BF4B-00C04F79EFBC}") = "SEP_framwork", "SEP_framwork\SEP_framwork.csproj", "{927B208B-2315-405D-8E36-AA3449C20EB0}"
EndProject
Project("{FAE04EC0-301F-11D3-BF4B-00C04F79EFBC}") = "AppDemo", "AppDemo\AppDemo.csproj", "{FCF01560-A919-41CC-8A8D-3D3B220CC9BB}"
EndProject
Global
	GlobalSection(SolutionConfigurationPlatforms) = preSolution
		Debug|Any CPU = Debug|Any CPU
		Release|Any CPU = Release|Any CPU
	EndGlobalSection
	GlobalSection(ProjectConfigurationPlatforms) = postSolution
		{927B208B-2315-405D-8E36-AA3449C20EB0}.Debug|Any CPU.ActiveCfg = Debug|Any CPU
		{927B208B-2315-405D-8E36-AA3449C20EB0}.Debug|Any CPU.Build.0 = Debug|Any CPU
		{927B208B-2315-405D-8E36-AA3449C20EB0}.Release|Any CPU.ActiveCfg = Release|Any CPU
		{927B208B-2315-405D-8E36-AA3449C20EB0}.Release|Any CPU.Build.0 = Release|Any CPU
		{FCF01560-A919-41CC-8A8D-3D3B220CC9BB}.Debug|Any CPU.ActiveCfg = Debug|Any CPU
		{FCF01560-A919-41CC-8A8D-3D3B220CC9BB}.Debug|Any CPU.Build.0 = Debug|Any CPU
		{FCF01560-A919-41CC-8A8D-3D3B220CC9BB}.Release|Any CPU.ActiveCfg = Release|Any CPU
		{FCF01560-A919-41CC-8A8D-3D3B220CC9BB}.Release|Any CPU.Build.0 = Release|Any CPU
	EndGlobalSection
	GlobalSection(SolutionProperties) = preSolution
		HideSolutionNode = FALSE
	EndGlobalSection
EndGlobal
